
Microsoft Visual Studio Solution File, Format Version 12.00
# Visual Studio Version 17
VisualStudioVersion = 17.5.33627.172
MinimumVisualStudioVersion = 10.0.40219.1
Project("{FAE04EC0-301F-11D3-BF4B-00C04F79EFBC}") = "JiraConnection.Demo", "JiraConnection.Demo\JiraConnection.Demo.csproj", "{ECAFABB0-0C57-492F-AD6C-38B4F422DB65}"
EndProject
Global
	GlobalSection(SolutionConfigurationPlatforms) = preSolution
		Debug|Any CPU = Debug|Any CPU
		Release|Any CPU = Release|Any CPU
	EndGlobalSection
	GlobalSection(ProjectConfigurationPlatforms) = postSolution
		{ECAFABB0-0C57-492F-AD6C-38B4F422DB65}.Debug|Any CPU.ActiveCfg = Debug|Any CPU
		{ECAFABB0-0C57-492F-AD6C-38B4F422DB65}.Debug|Any CPU.Build.0 = Debug|Any CPU
		{ECAFABB0-0C57-492F-AD6C-38B4F422DB65}.Release|Any CPU.ActiveCfg = Release|Any CPU
		{ECAFABB0-0C57-492F-AD6C-38B4F422DB65}.Release|Any CPU.Build.0 = Release|Any CPU
	EndGlobalSection
	GlobalSection(SolutionProperties) = preSolution
		HideSolutionNode = FALSE
	EndGlobalSection
	GlobalSection(ExtensibilityGlobals) = postSolution
		SolutionGuid = {50941AF0-BF7B-4EF7-B5CA-DFB9F43961C7}
	EndGlobalSection
EndGlobal
